
Microsoft Visual Studio Solution File, Format Version 11.00
# Visual C++ Express 2010
Project("{8BC9CEB8-8B4A-11D0-8D11-00A0C91BC942}") = "2210 3", "2210 3\2210 3.vcxproj", "{78153113-6FA4-4783-94EA-31D045123265}"
EndProject
Global
	GlobalSection(SolutionConfigurationPlatforms) = preSolution
		Debug|Win32 = Debug|Win32
		Release|Win32 = Release|Win32
	EndGlobalSection
	GlobalSection(ProjectConfigurationPlatforms) = postSolution
		{78153113-6FA4-4783-94EA-31D045123265}.Debug|Win32.ActiveCfg = Debug|Win32
		{78153113-6FA4-4783-94EA-31D045123265}.Debug|Win32.Build.0 = Debug|Win32
		{78153113-6FA4-4783-94EA-31D045123265}.Release|Win32.ActiveCfg = Release|Win32
		{78153113-6FA4-4783-94EA-31D045123265}.Release|Win32.Build.0 = Release|Win32
	EndGlobalSection
	GlobalSection(SolutionProperties) = preSolution
		HideSolutionNode = FALSE
	EndGlobalSection
EndGlobal
