
Microsoft Visual Studio Solution File, Format Version 11.00
# Visual C++ Express 2010
Project("{8BC9CEB8-8B4A-11D0-8D11-00A0C91BC942}") = "2210 4", "2210 4\2210 4.vcxproj", "{05A96741-587C-47BB-B1A5-2C76AD9FF388}"
EndProject
Global
	GlobalSection(SolutionConfigurationPlatforms) = preSolution
		Debug|Win32 = Debug|Win32
		Release|Win32 = Release|Win32
	EndGlobalSection
	GlobalSection(ProjectConfigurationPlatforms) = postSolution
		{05A96741-587C-47BB-B1A5-2C76AD9FF388}.Debug|Win32.ActiveCfg = Debug|Win32
		{05A96741-587C-47BB-B1A5-2C76AD9FF388}.Debug|Win32.Build.0 = Debug|Win32
		{05A96741-587C-47BB-B1A5-2C76AD9FF388}.Release|Win32.ActiveCfg = Release|Win32
		{05A96741-587C-47BB-B1A5-2C76AD9FF388}.Release|Win32.Build.0 = Release|Win32
	EndGlobalSection
	GlobalSection(SolutionProperties) = preSolution
		HideSolutionNode = FALSE
	EndGlobalSection
EndGlobal
