
Microsoft Visual Studio Solution File, Format Version 11.00
# Visual C++ Express 2010
Project("{8BC9CEB8-8B4A-11D0-8D11-00A0C91BC942}") = "1410 2 надеюсь более удачная версия", "1410 2 надеюсь более удачная версия\1410 2 надеюсь более удачная версия.vcxproj", "{0676FF45-773C-4B2C-80F2-436B7827401A}"
EndProject
Global
	GlobalSection(SolutionConfigurationPlatforms) = preSolution
		Debug|Win32 = Debug|Win32
		Release|Win32 = Release|Win32
	EndGlobalSection
	GlobalSection(ProjectConfigurationPlatforms) = postSolution
		{0676FF45-773C-4B2C-80F2-436B7827401A}.Debug|Win32.ActiveCfg = Debug|Win32
		{0676FF45-773C-4B2C-80F2-436B7827401A}.Debug|Win32.Build.0 = Debug|Win32
		{0676FF45-773C-4B2C-80F2-436B7827401A}.Release|Win32.ActiveCfg = Release|Win32
		{0676FF45-773C-4B2C-80F2-436B7827401A}.Release|Win32.Build.0 = Release|Win32
	EndGlobalSection
	GlobalSection(SolutionProperties) = preSolution
		HideSolutionNode = FALSE
	EndGlobalSection
EndGlobal
