
Microsoft Visual Studio Solution File, Format Version 11.00
# Visual C++ Express 2010
Project("{8BC9CEB8-8B4A-11D0-8D11-00A0C91BC942}") = "2210 2", "2210 2\2210 2.vcxproj", "{58DBCE90-E916-4F1B-B87C-6509AEB035FB}"
EndProject
Global
	GlobalSection(SolutionConfigurationPlatforms) = preSolution
		Debug|Win32 = Debug|Win32
		Release|Win32 = Release|Win32
	EndGlobalSection
	GlobalSection(ProjectConfigurationPlatforms) = postSolution
		{58DBCE90-E916-4F1B-B87C-6509AEB035FB}.Debug|Win32.ActiveCfg = Debug|Win32
		{58DBCE90-E916-4F1B-B87C-6509AEB035FB}.Debug|Win32.Build.0 = Debug|Win32
		{58DBCE90-E916-4F1B-B87C-6509AEB035FB}.Release|Win32.ActiveCfg = Release|Win32
		{58DBCE90-E916-4F1B-B87C-6509AEB035FB}.Release|Win32.Build.0 = Release|Win32
	EndGlobalSection
	GlobalSection(SolutionProperties) = preSolution
		HideSolutionNode = FALSE
	EndGlobalSection
EndGlobal
